
Microsoft Visual Studio Solution File, Format Version 12.00
# Visual Studio 15
VisualStudioVersion = 15.0.28010.2050
MinimumVisualStudioVersion = 10.0.40219.1
Project("{9092AA53-FB77-4645-B42D-1CCCA6BD08BD}") = "Visio_Time_Push_API", "Visio_Time_Push_API.njsproj", "{95B94BB6-8DE4-4D1A-B431-977DDACAE5A0}"
EndProject
Global
	GlobalSection(SolutionConfigurationPlatforms) = preSolution
		Debug|Any CPU = Debug|Any CPU
		Release|Any CPU = Release|Any CPU
	EndGlobalSection
	GlobalSection(ProjectConfigurationPlatforms) = postSolution
		{95B94BB6-8DE4-4D1A-B431-977DDACAE5A0}.Debug|Any CPU.ActiveCfg = Debug|Any CPU
		{95B94BB6-8DE4-4D1A-B431-977DDACAE5A0}.Debug|Any CPU.Build.0 = Debug|Any CPU
		{95B94BB6-8DE4-4D1A-B431-977DDACAE5A0}.Release|Any CPU.ActiveCfg = Release|Any CPU
		{95B94BB6-8DE4-4D1A-B431-977DDACAE5A0}.Release|Any CPU.Build.0 = Release|Any CPU
	EndGlobalSection
	GlobalSection(SolutionProperties) = preSolution
		HideSolutionNode = FALSE
	EndGlobalSection
	GlobalSection(ExtensibilityGlobals) = postSolution
		SolutionGuid = {6DEA4A69-FD55-4585-A293-468259D84515}
	EndGlobalSection
EndGlobal
